
Microsoft Visual Studio Solution File, Format Version 12.00
# Visual Studio Version 16
VisualStudioVersion = 16.0.32106.194
MinimumVisualStudioVersion = 10.0.40219.1
Project("{FAE04EC0-301F-11D3-BF4B-00C04F79EFBC}") = "Lab 1 WpfApp", "Lab 1 WpfApp.csproj", "{F2862E72-CE4A-449F-B21C-20E9A32FA87A}"
EndProject
Global
	GlobalSection(SolutionConfigurationPlatforms) = preSolution
		Debug|Any CPU = Debug|Any CPU
		Release|Any CPU = Release|Any CPU
	EndGlobalSection
	GlobalSection(ProjectConfigurationPlatforms) = postSolution
		{F2862E72-CE4A-449F-B21C-20E9A32FA87A}.Debug|Any CPU.ActiveCfg = Debug|Any CPU
		{F2862E72-CE4A-449F-B21C-20E9A32FA87A}.Debug|Any CPU.Build.0 = Debug|Any CPU
		{F2862E72-CE4A-449F-B21C-20E9A32FA87A}.Release|Any CPU.ActiveCfg = Release|Any CPU
		{F2862E72-CE4A-449F-B21C-20E9A32FA87A}.Release|Any CPU.Build.0 = Release|Any CPU
	EndGlobalSection
	GlobalSection(SolutionProperties) = preSolution
		HideSolutionNode = FALSE
	EndGlobalSection
	GlobalSection(ExtensibilityGlobals) = postSolution
		SolutionGuid = {472C49C4-ECB1-4134-9862-F1E7973AB2C7}
	EndGlobalSection
EndGlobal
